
Microsoft Visual Studio Solution File, Format Version 12.00
# Visual Studio Version 17
VisualStudioVersion = 17.1.32210.238
MinimumVisualStudioVersion = 10.0.40219.1
Project("{9A19103F-16F7-4668-BE54-9A1E7A4F7556}") = "OneCore.API", "OneCore.API\OneCore.API.csproj", "{89401D1C-50A5-4057-8204-F6E7A48DCEED}"
EndProject
Project("{9A19103F-16F7-4668-BE54-9A1E7A4F7556}") = "OneCore.WEB", "OneCoreApp.WEB\OneCore.WEB.csproj", "{233A03DC-92DA-43A6-97B5-EDAB763F3DA3}"
EndProject
Global
	GlobalSection(SolutionConfigurationPlatforms) = preSolution
		Debug|Any CPU = Debug|Any CPU
		Release|Any CPU = Release|Any CPU
	EndGlobalSection
	GlobalSection(ProjectConfigurationPlatforms) = postSolution
		{89401D1C-50A5-4057-8204-F6E7A48DCEED}.Debug|Any CPU.ActiveCfg = Debug|Any CPU
		{89401D1C-50A5-4057-8204-F6E7A48DCEED}.Debug|Any CPU.Build.0 = Debug|Any CPU
		{89401D1C-50A5-4057-8204-F6E7A48DCEED}.Release|Any CPU.ActiveCfg = Release|Any CPU
		{89401D1C-50A5-4057-8204-F6E7A48DCEED}.Release|Any CPU.Build.0 = Release|Any CPU
		{233A03DC-92DA-43A6-97B5-EDAB763F3DA3}.Debug|Any CPU.ActiveCfg = Debug|Any CPU
		{233A03DC-92DA-43A6-97B5-EDAB763F3DA3}.Debug|Any CPU.Build.0 = Debug|Any CPU
		{233A03DC-92DA-43A6-97B5-EDAB763F3DA3}.Release|Any CPU.ActiveCfg = Release|Any CPU
		{233A03DC-92DA-43A6-97B5-EDAB763F3DA3}.Release|Any CPU.Build.0 = Release|Any CPU
	EndGlobalSection
	GlobalSection(SolutionProperties) = preSolution
		HideSolutionNode = FALSE
	EndGlobalSection
	GlobalSection(ExtensibilityGlobals) = postSolution
		SolutionGuid = {6472628C-623D-4CF9-AD77-0AA90B0B25F1}
	EndGlobalSection
EndGlobal
